
Microsoft Visual Studio Solution File, Format Version 12.00
# Visual Studio Version 17
VisualStudioVersion = 17.10.35013.160
MinimumVisualStudioVersion = 10.0.40219.1
Project("{9A19103F-16F7-4668-BE54-9A1E7A4F7556}") = "AlbionToDo", "..\AlbionToDo.csproj", "{F0F9318E-CF92-4521-806A-A224F16717CD}"
EndProject
Project("{9A19103F-16F7-4668-BE54-9A1E7A4F7556}") = "AlbionToDo.Application", "..\..\AlbionToDo.Application\AlbionToDo.Application.csproj", "{20BF3FDF-B5E5-4C89-AB3D-25561F94176F}"
EndProject
Project("{9A19103F-16F7-4668-BE54-9A1E7A4F7556}") = "AlbionToDo.Domain", "..\..\AlbionToDo.Domain\AlbionToDo.Domain.csproj", "{2739D70C-AD42-4BF2-BFFE-6ED137527500}"
EndProject
Project("{9A19103F-16F7-4668-BE54-9A1E7A4F7556}") = "AlbionToDo.EFCore", "..\..\AlbionToDo.EFCore\AlbionToDo.EFCore.csproj", "{174DF6DB-1F79-47F5-A2B7-20FE3F2F1F76}"
EndProject
Global
	GlobalSection(SolutionConfigurationPlatforms) = preSolution
		Debug|Any CPU = Debug|Any CPU
		Release|Any CPU = Release|Any CPU
	EndGlobalSection
	GlobalSection(ProjectConfigurationPlatforms) = postSolution
		{F0F9318E-CF92-4521-806A-A224F16717CD}.Debug|Any CPU.ActiveCfg = Debug|Any CPU
		{F0F9318E-CF92-4521-806A-A224F16717CD}.Debug|Any CPU.Build.0 = Debug|Any CPU
		{F0F9318E-CF92-4521-806A-A224F16717CD}.Release|Any CPU.ActiveCfg = Release|Any CPU
		{F0F9318E-CF92-4521-806A-A224F16717CD}.Release|Any CPU.Build.0 = Release|Any CPU
		{20BF3FDF-B5E5-4C89-AB3D-25561F94176F}.Debug|Any CPU.ActiveCfg = Debug|Any CPU
		{20BF3FDF-B5E5-4C89-AB3D-25561F94176F}.Debug|Any CPU.Build.0 = Debug|Any CPU
		{20BF3FDF-B5E5-4C89-AB3D-25561F94176F}.Release|Any CPU.ActiveCfg = Release|Any CPU
		{20BF3FDF-B5E5-4C89-AB3D-25561F94176F}.Release|Any CPU.Build.0 = Release|Any CPU
		{2739D70C-AD42-4BF2-BFFE-6ED137527500}.Debug|Any CPU.ActiveCfg = Debug|Any CPU
		{2739D70C-AD42-4BF2-BFFE-6ED137527500}.Debug|Any CPU.Build.0 = Debug|Any CPU
		{2739D70C-AD42-4BF2-BFFE-6ED137527500}.Release|Any CPU.ActiveCfg = Release|Any CPU
		{2739D70C-AD42-4BF2-BFFE-6ED137527500}.Release|Any CPU.Build.0 = Release|Any CPU
		{174DF6DB-1F79-47F5-A2B7-20FE3F2F1F76}.Debug|Any CPU.ActiveCfg = Debug|Any CPU
		{174DF6DB-1F79-47F5-A2B7-20FE3F2F1F76}.Debug|Any CPU.Build.0 = Debug|Any CPU
		{174DF6DB-1F79-47F5-A2B7-20FE3F2F1F76}.Release|Any CPU.ActiveCfg = Release|Any CPU
		{174DF6DB-1F79-47F5-A2B7-20FE3F2F1F76}.Release|Any CPU.Build.0 = Release|Any CPU
	EndGlobalSection
	GlobalSection(SolutionProperties) = preSolution
		HideSolutionNode = FALSE
	EndGlobalSection
	GlobalSection(ExtensibilityGlobals) = postSolution
		SolutionGuid = {B1AA5AD9-1543-480E-B68D-AD8D638A38B2}
	EndGlobalSection
EndGlobal
